
Microsoft Visual Studio Solution File, Format Version 12.00
# Visual Studio Version 16
VisualStudioVersion = 16.0.31515.178
MinimumVisualStudioVersion = 10.0.40219.1
Project("{9A19103F-16F7-4668-BE54-9A1E7A4F7556}") = "MovieApp.Web", "MovieApp.Web\MovieApp.Web.csproj", "{F5FE0E98-0AAA-4EFE-88A1-3F30E088094E}"
EndProject
Project("{FAE04EC0-301F-11D3-BF4B-00C04F79EFBC}") = "LINQSamples", "LINQSamples\LINQSamples.csproj", "{456F45A3-BB29-49B5-9920-D949A587C8C3}"
EndProject
Global
	GlobalSection(SolutionConfigurationPlatforms) = preSolution
		Debug|Any CPU = Debug|Any CPU
		Release|Any CPU = Release|Any CPU
	EndGlobalSection
	GlobalSection(ProjectConfigurationPlatforms) = postSolution
		{F5FE0E98-0AAA-4EFE-88A1-3F30E088094E}.Debug|Any CPU.ActiveCfg = Debug|Any CPU
		{F5FE0E98-0AAA-4EFE-88A1-3F30E088094E}.Debug|Any CPU.Build.0 = Debug|Any CPU
		{F5FE0E98-0AAA-4EFE-88A1-3F30E088094E}.Release|Any CPU.ActiveCfg = Release|Any CPU
		{F5FE0E98-0AAA-4EFE-88A1-3F30E088094E}.Release|Any CPU.Build.0 = Release|Any CPU
		{456F45A3-BB29-49B5-9920-D949A587C8C3}.Debug|Any CPU.ActiveCfg = Debug|Any CPU
		{456F45A3-BB29-49B5-9920-D949A587C8C3}.Debug|Any CPU.Build.0 = Debug|Any CPU
		{456F45A3-BB29-49B5-9920-D949A587C8C3}.Release|Any CPU.ActiveCfg = Release|Any CPU
		{456F45A3-BB29-49B5-9920-D949A587C8C3}.Release|Any CPU.Build.0 = Release|Any CPU
	EndGlobalSection
	GlobalSection(SolutionProperties) = preSolution
		HideSolutionNode = FALSE
	EndGlobalSection
	GlobalSection(ExtensibilityGlobals) = postSolution
		SolutionGuid = {4E734762-E0D6-4E16-93D5-9F8163C510D7}
	EndGlobalSection
EndGlobal
